
Microsoft Visual Studio Solution File, Format Version 12.00
# Visual Studio 15
VisualStudioVersion = 15.0.28307.645
MinimumVisualStudioVersion = 10.0.40219.1
Project("{803FD0C6-D64E-4E16-9DC3-1DAEC859A3D2}") = "XK3118T1WebServer", "XK3118T1WebServer.vgdbproj", "{8F73FEF8-91D4-4393-86E3-22C4E2A871AE}"
EndProject
Global
	GlobalSection(SolutionConfigurationPlatforms) = preSolution
		Debug|Generic_ESP8266_Module = Debug|Generic_ESP8266_Module
		Release|Generic_ESP8266_Module = Release|Generic_ESP8266_Module
	EndGlobalSection
	GlobalSection(ProjectConfigurationPlatforms) = postSolution
		{8F73FEF8-91D4-4393-86E3-22C4E2A871AE}.Debug|Generic_ESP8266_Module.ActiveCfg = Debug|Generic_ESP8266_Module
		{8F73FEF8-91D4-4393-86E3-22C4E2A871AE}.Debug|Generic_ESP8266_Module.Build.0 = Debug|Generic_ESP8266_Module
		{8F73FEF8-91D4-4393-86E3-22C4E2A871AE}.Release|Generic_ESP8266_Module.ActiveCfg = Release|Generic_ESP8266_Module
		{8F73FEF8-91D4-4393-86E3-22C4E2A871AE}.Release|Generic_ESP8266_Module.Build.0 = Release|Generic_ESP8266_Module
	EndGlobalSection
	GlobalSection(SolutionProperties) = preSolution
		HideSolutionNode = FALSE
	EndGlobalSection
	GlobalSection(ExtensibilityGlobals) = postSolution
		SolutionGuid = {02360A54-3C9E-4496-8933-119DEA905248}
	EndGlobalSection
EndGlobal
